
Microsoft Visual Studio Solution File, Format Version 12.00
# Visual Studio Version 16
VisualStudioVersion = 16.0.32428.217
MinimumVisualStudioVersion = 10.0.40219.1
Project("{F184B08F-C81C-45F6-A57F-5ABD9991F28F}") = "TeacherDepartment", "TeacherDepartment\TeacherDepartment.vbproj", "{8DD7320C-3D18-4ECD-A567-F3A3664D98AB}"
EndProject
Global
	GlobalSection(SolutionConfigurationPlatforms) = preSolution
		Debug|Any CPU = Debug|Any CPU
		Release|Any CPU = Release|Any CPU
	EndGlobalSection
	GlobalSection(ProjectConfigurationPlatforms) = postSolution
		{8DD7320C-3D18-4ECD-A567-F3A3664D98AB}.Debug|Any CPU.ActiveCfg = Debug|Any CPU
		{8DD7320C-3D18-4ECD-A567-F3A3664D98AB}.Debug|Any CPU.Build.0 = Debug|Any CPU
		{8DD7320C-3D18-4ECD-A567-F3A3664D98AB}.Release|Any CPU.ActiveCfg = Release|Any CPU
		{8DD7320C-3D18-4ECD-A567-F3A3664D98AB}.Release|Any CPU.Build.0 = Release|Any CPU
	EndGlobalSection
	GlobalSection(SolutionProperties) = preSolution
		HideSolutionNode = FALSE
	EndGlobalSection
	GlobalSection(ExtensibilityGlobals) = postSolution
		SolutionGuid = {DA936885-F54F-4EC5-A8D3-0D0BF614DD6E}
	EndGlobalSection
EndGlobal
